<?xml version="1.0" encoding="utf-8"?>
<Project ToolsVersion="17.0" xmlns="http://schemas.microsoft.com/developer/msbuild/2003">
  <ItemGroup>
    <ClCompile Include="C:\git\zeal\src\libs\browser\Browser_autogen\mocs_compilation_Debug.cpp">
      <Filter>Source Files</Filter>
    </ClCompile>
    <ClCompile Include="C:\git\zeal\src\libs\browser\searchtoolbar.cpp">
      <Filter>Source Files</Filter>
    </ClCompile>
    <ClCompile Include="C:\git\zeal\src\libs\browser\settings.cpp">
      <Filter>Source Files</Filter>
    </ClCompile>
    <ClCompile Include="C:\git\zeal\src\libs\browser\urlrequestinterceptor.cpp">
      <Filter>Source Files</Filter>
    </ClCompile>
    <ClCompile Include="C:\git\zeal\src\libs\browser\webbridge.cpp">
      <Filter>Source Files</Filter>
    </ClCompile>
    <ClCompile Include="C:\git\zeal\src\libs\browser\webcontrol.cpp">
      <Filter>Source Files</Filter>
    </ClCompile>
    <ClCompile Include="C:\git\zeal\src\libs\browser\webpage.cpp">
      <Filter>Source Files</Filter>
    </ClCompile>
    <ClCompile Include="C:\git\zeal\src\libs\browser\webview.cpp">
      <Filter>Source Files</Filter>
    </ClCompile>
    <ClCompile Include="C:\git\zeal\src\libs\browser\Browser_autogen\mocs_compilation_Release.cpp">
      <Filter>Source Files</Filter>
    </ClCompile>
    <ClCompile Include="C:\git\zeal\src\libs\browser\Browser_autogen\mocs_compilation_MinSizeRel.cpp">
      <Filter>Source Files</Filter>
    </ClCompile>
    <ClCompile Include="C:\git\zeal\src\libs\browser\Browser_autogen\mocs_compilation_RelWithDebInfo.cpp">
      <Filter>Source Files</Filter>
    </ClCompile>
  </ItemGroup>
  <ItemGroup>
    <CustomBuild Include="C:\git\zeal\src\libs\browser\CMakeLists.txt" />
  </ItemGroup>
  <ItemGroup>
    <Filter Include="Source Files">
      <UniqueIdentifier>{73E1230F-3592-3FA4-ADCD-9CA28113E8E3}</UniqueIdentifier>
    </Filter>
  </ItemGroup>
</Project>
