<?xml version="1.0" encoding="utf-8"?>
<Project ToolsVersion="17.0" xmlns="http://schemas.microsoft.com/developer/msbuild/2003">
  <ItemGroup>
    <CustomBuild Include="C:\git\zeal\CMakeFiles\6357009f8b3eac9eef27e8f153d2794d\INSTALL_force.rule">
      <Filter>CMake Rules</Filter>
    </CustomBuild>
  </ItemGroup>
  <ItemGroup>
    <Filter Include="CMake Rules">
      <UniqueIdentifier>{4D67D5B6-1F0C-3A22-91B8-90CFBE0ECEF9}</UniqueIdentifier>
    </Filter>
  </ItemGroup>
</Project>
