<?xml version="1.0" encoding="utf-8"?>
<Project ToolsVersion="17.0" xmlns="http://schemas.microsoft.com/developer/msbuild/2003">
  <ItemGroup>
    <ClCompile Include="C:\git\zeal\src\libs\registry\Registry_autogen\mocs_compilation_Debug.cpp">
      <Filter>Source Files</Filter>
    </ClCompile>
    <ClCompile Include="C:\git\zeal\src\libs\registry\docset.cpp">
      <Filter>Source Files</Filter>
    </ClCompile>
    <ClCompile Include="C:\git\zeal\src\libs\registry\docsetmetadata.cpp">
      <Filter>Source Files</Filter>
    </ClCompile>
    <ClCompile Include="C:\git\zeal\src\libs\registry\docsetregistry.cpp">
      <Filter>Source Files</Filter>
    </ClCompile>
    <ClCompile Include="C:\git\zeal\src\libs\registry\listmodel.cpp">
      <Filter>Source Files</Filter>
    </ClCompile>
    <ClCompile Include="C:\git\zeal\src\libs\registry\searchmodel.cpp">
      <Filter>Source Files</Filter>
    </ClCompile>
    <ClCompile Include="C:\git\zeal\src\libs\registry\searchquery.cpp">
      <Filter>Source Files</Filter>
    </ClCompile>
    <ClCompile Include="C:\git\zeal\src\libs\registry\Registry_autogen\mocs_compilation_Release.cpp">
      <Filter>Source Files</Filter>
    </ClCompile>
    <ClCompile Include="C:\git\zeal\src\libs\registry\Registry_autogen\mocs_compilation_MinSizeRel.cpp">
      <Filter>Source Files</Filter>
    </ClCompile>
    <ClCompile Include="C:\git\zeal\src\libs\registry\Registry_autogen\mocs_compilation_RelWithDebInfo.cpp">
      <Filter>Source Files</Filter>
    </ClCompile>
  </ItemGroup>
  <ItemGroup>
    <ClInclude Include="C:\git\zeal\src\libs\registry\cancellationtoken.h">
      <Filter>Header Files</Filter>
    </ClInclude>
    <ClInclude Include="C:\git\zeal\src\libs\registry\itemdatarole.h">
      <Filter>Header Files</Filter>
    </ClInclude>
    <ClInclude Include="C:\git\zeal\src\libs\registry\searchresult.h">
      <Filter>Header Files</Filter>
    </ClInclude>
  </ItemGroup>
  <ItemGroup>
    <CustomBuild Include="C:\git\zeal\src\libs\registry\CMakeLists.txt" />
  </ItemGroup>
  <ItemGroup>
    <Filter Include="Header Files">
      <UniqueIdentifier>{9666D066-7E3C-365B-A74C-1C16668905B9}</UniqueIdentifier>
    </Filter>
    <Filter Include="Source Files">
      <UniqueIdentifier>{73E1230F-3592-3FA4-ADCD-9CA28113E8E3}</UniqueIdentifier>
    </Filter>
  </ItemGroup>
</Project>
